
Microsoft Visual Studio Solution File, Format Version 12.00
# Visual Studio Version 16
VisualStudioVersion = 16.0.30128.74
MinimumVisualStudioVersion = 10.0.40219.1
Project("{FAE04EC0-301F-11D3-BF4B-00C04F79EFBC}") = "CrossCuttingConcerns", "CrossCuttingConcerns\CrossCuttingConcerns.csproj", "{4AA943CE-5088-49A9-9AD9-A7E7D8E337DF}"
EndProject
Project("{FAE04EC0-301F-11D3-BF4B-00C04F79EFBC}") = "CustomBindings", "CustomBindings\CustomBindings.csproj", "{06F708DE-E4E2-4C2C-A57C-2E1B87120921}"
EndProject
Global
	GlobalSection(SolutionConfigurationPlatforms) = preSolution
		Debug|Any CPU = Debug|Any CPU
		Release|Any CPU = Release|Any CPU
	EndGlobalSection
	GlobalSection(ProjectConfigurationPlatforms) = postSolution
		{4AA943CE-5088-49A9-9AD9-A7E7D8E337DF}.Debug|Any CPU.ActiveCfg = Debug|Any CPU
		{4AA943CE-5088-49A9-9AD9-A7E7D8E337DF}.Debug|Any CPU.Build.0 = Debug|Any CPU
		{4AA943CE-5088-49A9-9AD9-A7E7D8E337DF}.Release|Any CPU.ActiveCfg = Release|Any CPU
		{4AA943CE-5088-49A9-9AD9-A7E7D8E337DF}.Release|Any CPU.Build.0 = Release|Any CPU
		{06F708DE-E4E2-4C2C-A57C-2E1B87120921}.Debug|Any CPU.ActiveCfg = Debug|Any CPU
		{06F708DE-E4E2-4C2C-A57C-2E1B87120921}.Debug|Any CPU.Build.0 = Debug|Any CPU
		{06F708DE-E4E2-4C2C-A57C-2E1B87120921}.Release|Any CPU.ActiveCfg = Release|Any CPU
		{06F708DE-E4E2-4C2C-A57C-2E1B87120921}.Release|Any CPU.Build.0 = Release|Any CPU
	EndGlobalSection
	GlobalSection(SolutionProperties) = preSolution
		HideSolutionNode = FALSE
	EndGlobalSection
	GlobalSection(ExtensibilityGlobals) = postSolution
		SolutionGuid = {A1E56E78-1072-4F7A-9786-4D94DB168AC5}
	EndGlobalSection
EndGlobal
